{
    "_readme": [
        "This file locks the dependencies of your project to a known state",
        "Read more about it at https://getcomposer.org/doc/01-basic-usage.md#installing-dependencies",
        "This file is @generated automatically"
    ],
    "content-hash": "0fd6e01818efc5c998e02713b4ba1b22",
    "packages": [
        {
            "name": "pablodalloglio/ole",
            "version": "dev-master",
            "source": {
                "type": "git",
                "url": "https://github.com/pablodalloglio/ole.git",
                "reference": "f2c9e55125889d4106bee23ab2ecdffe29f7c0e5"
            },
            "dist": {
                "type": "zip",
                "url": "https://api.github.com/repos/pablodalloglio/ole/zipball/f2c9e55125889d4106bee23ab2ecdffe29f7c0e5",
                "reference": "f2c9e55125889d4106bee23ab2ecdffe29f7c0e5",
                "shasum": ""
            },
            "default-branch": true,
            "type": "library",
            "autoload": {
                "psr-0": {
                    "OLE": "./"
                }
            },
            "include-path": [
                "./"
            ],
            "license": [
                "PHP-3.01"
            ],
            "authors": [
                {
                    "email": "schmidt@php.net",
                    "name": "Christian Schmidt",
                    "role": "Lead"
                },
                {
                    "email": "xnoguer@php.net",
                    "name": "Xavier Noguer",
                    "role": "Lead"
                }
            ],
            "description": "Derivation from pear OLE without PEAR dependency, and with Exceptions instead of PearErrors.",
            "support": {
                "source": "https://github.com/pablodalloglio/OLE",
                "issues": "https://github.com/pablodalloglio/ole/issues"
            },
            "time": "2020-10-25T18:04:22+00:00"
        },
        {
            "name": "pablodalloglio/spreadsheet_excel_writer",
            "version": "dev-master",
            "source": {
                "type": "git",
                "url": "https://github.com/pablodalloglio/spreadsheet_excel_writer.git",
                "reference": "4c7138aadc6a4dc3865c1aa24911cb0ddc5ea8a4"
            },
            "dist": {
                "type": "zip",
                "url": "https://api.github.com/repos/pablodalloglio/spreadsheet_excel_writer/zipball/4c7138aadc6a4dc3865c1aa24911cb0ddc5ea8a4",
                "reference": "4c7138aadc6a4dc3865c1aa24911cb0ddc5ea8a4",
                "shasum": ""
            },
            "require": {
                "pablodalloglio/ole": "*",
                "php": ">=5.3.3"
            },
            "default-branch": true,
            "type": "library",
            "autoload": {
                "psr-0": {
                    "Spreadsheet": ""
                }
            },
            "autoload-dev": {
                "psr-0": {
                    "Test": "test"
                }
            },
            "include-path": [
                "./"
            ],
            "license": [
                "LGPL-2.1-or-later"
            ],
            "authors": [
                {
                    "email": "cschmitz@limesurvey.org",
                    "name": "Carsten Schmitz",
                    "role": "Lead"
                },
                {
                    "email": "xnoguer@php.net",
                    "name": "Xavier Noguer",
                    "role": "Lead"
                },
                {
                    "email": "progi1984@gmail.com",
                    "name": "Franck Lefevre",
                    "role": "Developer"
                },
                {
                    "email": "tuupola@appelsiini.net",
                    "name": "Mika Tuupola",
                    "role": "Developer"
                }
            ],
            "description": "Derivation from SpreadsheetExcelWriter without PEAR dependency, and with Exceptions instead of PearErrors.",
            "support": {
                "source": "https://github.com/pablodalloglio/spreadsheet_excel_writer",
                "issues": "https://github.com/pablodalloglio/spreadsheet_excel_writer/issues"
            },
            "time": "2020-10-25T18:05:36+00:00"
        },
        {
            "name": "phprtflite/phprtflite",
            "version": "v1.3.3",
            "source": {
                "type": "git",
                "url": "https://github.com/phprtflite/PHPRtfLite.git",
                "reference": "eef76d965fc7a0cb4c7342f229f67ad4793c61c2"
            },
            "dist": {
                "type": "zip",
                "url": "https://api.github.com/repos/phprtflite/PHPRtfLite/zipball/eef76d965fc7a0cb4c7342f229f67ad4793c61c2",
                "reference": "eef76d965fc7a0cb4c7342f229f67ad4793c61c2",
                "shasum": ""
            },
            "type": "library",
            "autoload": {
                "psr-0": {
                    "PHPRtfLite": "lib/"
                }
            },
            "notification-url": "https://packagist.org/downloads/",
            "license": [
                "GPL-3.0"
            ],
            "authors": [
                {
                    "name": "Steffen Zeidler",
                    "email": "sigma_z@sigma-scripts.de"
                }
            ],
            "description": "PHPRtfLite is an API enabling developers to create rtf documents with php.",
            "support": {
                "issues": "https://github.com/phprtflite/PHPRtfLite/issues",
                "source": "https://github.com/phprtflite/PHPRtfLite/tree/v1.3.x"
            },
            "time": "2014-07-04T19:43:18+00:00"
        },
        {
            "name": "setasign/fpdf",
            "version": "1.8.2",
            "source": {
                "type": "git",
                "url": "https://github.com/Setasign/FPDF.git",
                "reference": "d77904018090c17dc9f3ab6e944679a7a47e710a"
            },
            "dist": {
                "type": "zip",
                "url": "https://api.github.com/repos/Setasign/FPDF/zipball/d77904018090c17dc9f3ab6e944679a7a47e710a",
                "reference": "d77904018090c17dc9f3ab6e944679a7a47e710a",
                "shasum": ""
            },
            "type": "library",
            "autoload": {
                "classmap": [
                    "fpdf.php"
                ]
            },
            "notification-url": "https://packagist.org/downloads/",
            "license": [
                "MIT"
            ],
            "authors": [
                {
                    "name": "Olivier Plathey",
                    "email": "oliver@fpdf.org",
                    "homepage": "http://fpdf.org/"
                }
            ],
            "description": "FPDF is a PHP class which allows to generate PDF files with pure PHP. F from FPDF stands for Free: you may use it for any kind of usage and modify it to suit your needs.",
            "homepage": "http://www.fpdf.org",
            "keywords": [
                "fpdf",
                "pdf"
            ],
            "support": {
                "source": "https://github.com/Setasign/FPDF/tree/1.8.2"
            },
            "time": "2019-12-08T10:32:10+00:00"
        }
    ],
    "packages-dev": [],
    "aliases": [],
    "minimum-stability": "stable",
    "stability-flags": {
        "pablodalloglio/ole": 20,
        "pablodalloglio/spreadsheet_excel_writer": 20
    },
    "prefer-stable": false,
    "prefer-lowest": false,
    "platform": [],
    "platform-dev": [],
    "plugin-api-version": "2.0.0"
}
